# This file was autogenerated by Stack.
# You should not edit this file by hand.
# For more information, please see the documentation at:
#   https://docs.haskellstack.org/en/stable/lock_files

packages:
- completed:
    hackage: QuickCheck-GenT-0.2.0@sha256:d11b7b4a3f7648895eff66376a00f763821ee955ce42a37fb918213a8eae88d6,1458
    pantry-tree:
      size: 293
      sha256: a3e3065581974edfdc6951d894d93ed134e6136caa6f5e8593a58c2e039e076b
  original:
    hackage: QuickCheck-GenT-0.2.0
- completed:
    hackage: poly-0.3.3.0@sha256:49657d89a3abf9f973fe4be792103642eee9d17e32ea37339f50081c87196447,2021
    pantry-tree:
      size: 1453
      sha256: 785951b65ec658bbf55e10575cd921b3ade75e71147d10e59784f68e7c255163
  original:
    hackage: poly-0.3.3.0
- completed:
    hackage: semirings-0.5.2@sha256:6e0fddb382d323e3024e232e09c69685eac4e11c741c2e882017d155d8f7a6c5,3791
    pantry-tree:
      size: 610
      sha256: b26169fc6d14dac566f6bf161f64af8a351ed953898b65370a6cd78f45eb1f2a
  original:
    hackage: semirings-0.5.2
- completed:
    hackage: galois-field-1.0.1@sha256:03acdc17850ff8bcd248aeb38cc7beb44d8b00216fd987cb8184579561c19d1f,3533
    pantry-tree:
      size: 1444
      sha256: 92be77f6b8dd414c3203ba6e401e69bd5e7003e7cf0628d28febf55e3e3ed7cb
  original:
    hackage: galois-field-1.0.1
- completed:
    hackage: bitvec-1.0.2.0@sha256:492256514c4c7297d6b09f1dfdcb0fe579f1896b8ace89cb33842f797ac91544,4232
    pantry-tree:
      size: 2371
      sha256: 9b2b82291d9a5480183e81c121801cc8401fa65b54edd027087e298c9b3b1880
  original:
    hackage: bitvec-1.0.2.0
- completed:
    hackage: vector-algorithms-0.8.0.3@sha256:477ef5ac82fdd28a39536ed0a767faec3425802827abee485be31db5bc6f5e90,3488
    pantry-tree:
      size: 1439
      sha256: 9f04ef44c2459a122f2d5c093b4a9ebc47aaa00284a7bff9793fee7c6783f979
  original:
    hackage: vector-algorithms-0.8.0.3
- completed:
    hackage: quiet-0.2@sha256:60bb3cb8dd4a225557351b6d622147a4e541f1564847e05a81621365a155ad6c,1413
    pantry-tree:
      size: 416
      sha256: c64a9ec9827f140768c01f1d9df1ed9ec9de2d70682a3822061bbe52cf85006c
  original:
    hackage: quiet-0.2@sha256:60bb3cb8dd4a225557351b6d622147a4e541f1564847e05a81621365a155ad6c,1413
snapshots:
- completed:
    size: 499889
    url: https://raw.githubusercontent.com/commercialhaskell/stackage-snapshots/master/lts/13/26.yaml
    sha256: ecb02ee16829df8d7219e7d7fe6c310819820bf335b0b9534bce84d3ea896684
  original: lts-13.26
